
Microsoft Visual Studio Solution File, Format Version 12.00
# Visual Studio Version 17
VisualStudioVersion = 17.4.33103.184
MinimumVisualStudioVersion = 10.0.40219.1
Project("{9A19103F-16F7-4668-BE54-9A1E7A4F7556}") = "Zadaca1", "Zadaca1\Zadaca1.csproj", "{65F0341D-AD42-415D-8E1F-55CF1E696699}"
EndProject
Project("{9A19103F-16F7-4668-BE54-9A1E7A4F7556}") = "TestProject", "TestProject\TestProject.csproj", "{921B36F8-FBAD-4CDF-9A54-BAAF46C9A260}"
EndProject
Project("{2150E333-8FDC-42A3-9474-1A3956D46DE8}") = "Solution Items", "Solution Items", "{E0634064-869F-44AE-9B7E-14DFE2C1632B}"
	ProjectSection(SolutionItems) = preProject
		.gitignore = .gitignore
	EndProjectSection
EndProject
Global
	GlobalSection(SolutionConfigurationPlatforms) = preSolution
		Debug|Any CPU = Debug|Any CPU
		Release|Any CPU = Release|Any CPU
	EndGlobalSection
	GlobalSection(ProjectConfigurationPlatforms) = postSolution
		{65F0341D-AD42-415D-8E1F-55CF1E696699}.Debug|Any CPU.ActiveCfg = Debug|Any CPU
		{65F0341D-AD42-415D-8E1F-55CF1E696699}.Debug|Any CPU.Build.0 = Debug|Any CPU
		{65F0341D-AD42-415D-8E1F-55CF1E696699}.Release|Any CPU.ActiveCfg = Release|Any CPU
		{65F0341D-AD42-415D-8E1F-55CF1E696699}.Release|Any CPU.Build.0 = Release|Any CPU
		{921B36F8-FBAD-4CDF-9A54-BAAF46C9A260}.Debug|Any CPU.ActiveCfg = Debug|Any CPU
		{921B36F8-FBAD-4CDF-9A54-BAAF46C9A260}.Debug|Any CPU.Build.0 = Debug|Any CPU
		{921B36F8-FBAD-4CDF-9A54-BAAF46C9A260}.Release|Any CPU.ActiveCfg = Release|Any CPU
		{921B36F8-FBAD-4CDF-9A54-BAAF46C9A260}.Release|Any CPU.Build.0 = Release|Any CPU
	EndGlobalSection
	GlobalSection(SolutionProperties) = preSolution
		HideSolutionNode = FALSE
	EndGlobalSection
	GlobalSection(ExtensibilityGlobals) = postSolution
		SolutionGuid = {803BD29A-1ADA-47E7-ACA8-66F4D58CC66A}
	EndGlobalSection
EndGlobal
